
Microsoft Visual Studio Solution File, Format Version 12.00
# Visual Studio Version 16
VisualStudioVersion = 16.0.31005.135
MinimumVisualStudioVersion = 10.0.40219.1
Project("{9A19103F-16F7-4668-BE54-9A1E7A4F7556}") = "DoublyLinkedList", "DoublyLinkedList\DoublyLinkedList.csproj", "{FBD1D3E9-0E58-4B12-8D65-F6DD65D423D4}"
EndProject
Project("{9A19103F-16F7-4668-BE54-9A1E7A4F7556}") = "DoublyLinkedListTests", "DoublyLinkedListTests\DoublyLinkedListTests.csproj", "{9AAFC6C0-BB53-42C1-A435-B767377B1BC6}"
EndProject
Project("{9A19103F-16F7-4668-BE54-9A1E7A4F7556}") = "BinaryFind", "BinaryFind\BinaryFind.csproj", "{8F4A81ED-CE0C-488E-89A5-AAA83A1EC3F9}"
EndProject
Global
	GlobalSection(SolutionConfigurationPlatforms) = preSolution
		Debug|Any CPU = Debug|Any CPU
		Release|Any CPU = Release|Any CPU
	EndGlobalSection
	GlobalSection(ProjectConfigurationPlatforms) = postSolution
		{FBD1D3E9-0E58-4B12-8D65-F6DD65D423D4}.Debug|Any CPU.ActiveCfg = Debug|Any CPU
		{FBD1D3E9-0E58-4B12-8D65-F6DD65D423D4}.Debug|Any CPU.Build.0 = Debug|Any CPU
		{FBD1D3E9-0E58-4B12-8D65-F6DD65D423D4}.Release|Any CPU.ActiveCfg = Release|Any CPU
		{FBD1D3E9-0E58-4B12-8D65-F6DD65D423D4}.Release|Any CPU.Build.0 = Release|Any CPU
		{9AAFC6C0-BB53-42C1-A435-B767377B1BC6}.Debug|Any CPU.ActiveCfg = Debug|Any CPU
		{9AAFC6C0-BB53-42C1-A435-B767377B1BC6}.Debug|Any CPU.Build.0 = Debug|Any CPU
		{9AAFC6C0-BB53-42C1-A435-B767377B1BC6}.Release|Any CPU.ActiveCfg = Release|Any CPU
		{9AAFC6C0-BB53-42C1-A435-B767377B1BC6}.Release|Any CPU.Build.0 = Release|Any CPU
		{8F4A81ED-CE0C-488E-89A5-AAA83A1EC3F9}.Debug|Any CPU.ActiveCfg = Debug|Any CPU
		{8F4A81ED-CE0C-488E-89A5-AAA83A1EC3F9}.Debug|Any CPU.Build.0 = Debug|Any CPU
		{8F4A81ED-CE0C-488E-89A5-AAA83A1EC3F9}.Release|Any CPU.ActiveCfg = Release|Any CPU
		{8F4A81ED-CE0C-488E-89A5-AAA83A1EC3F9}.Release|Any CPU.Build.0 = Release|Any CPU
	EndGlobalSection
	GlobalSection(SolutionProperties) = preSolution
		HideSolutionNode = FALSE
	EndGlobalSection
	GlobalSection(ExtensibilityGlobals) = postSolution
		SolutionGuid = {432C7353-0CA6-4F6D-9505-46F6D9A1EF9A}
	EndGlobalSection
EndGlobal
